
Microsoft Visual Studio Solution File, Format Version 12.00
# Visual Studio Version 16
VisualStudioVersion = 16.0.30503.244
MinimumVisualStudioVersion = 15.0.26124.0
Project("{2150E333-8FDC-42A3-9474-1A3956D46DE8}") = "Solution Items", "Solution Items", "{086AD54D-2103-47DE-8960-D3F652352BB3}"
	ProjectSection(SolutionItems) = preProject
		Directory.Build.props = Directory.Build.props
	EndProjectSection
EndProject
Project("{9A19103F-16F7-4668-BE54-9A1E7A4F7556}") = "PlagiarismDetect", "src\PlagiarismDetect\PlagiarismDetect.csproj", "{12BE2841-F640-43B8-B5F5-FF3E7CA1C95A}"
EndProject
Project("{9A19103F-16F7-4668-BE54-9A1E7A4F7556}") = "SatelliteSite.NamomoModule", "src\NamomoModule\SatelliteSite.NamomoModule.csproj", "{A15206FD-BB44-4AEE-AA22-2CC3B295539B}"
EndProject
Project("{9A19103F-16F7-4668-BE54-9A1E7A4F7556}") = "Namomo", "src\Namomo\Namomo.csproj", "{C95AA819-858E-436A-BC01-C7C1945DCC4D}"
EndProject
Global
	GlobalSection(SolutionConfigurationPlatforms) = preSolution
		Debug|Any CPU = Debug|Any CPU
		Debug|x64 = Debug|x64
		Debug|x86 = Debug|x86
		Release|Any CPU = Release|Any CPU
		Release|x64 = Release|x64
		Release|x86 = Release|x86
	EndGlobalSection
	GlobalSection(ProjectConfigurationPlatforms) = postSolution
		{12BE2841-F640-43B8-B5F5-FF3E7CA1C95A}.Debug|Any CPU.ActiveCfg = Debug|Any CPU
		{12BE2841-F640-43B8-B5F5-FF3E7CA1C95A}.Debug|Any CPU.Build.0 = Debug|Any CPU
		{12BE2841-F640-43B8-B5F5-FF3E7CA1C95A}.Debug|x64.ActiveCfg = Debug|Any CPU
		{12BE2841-F640-43B8-B5F5-FF3E7CA1C95A}.Debug|x64.Build.0 = Debug|Any CPU
		{12BE2841-F640-43B8-B5F5-FF3E7CA1C95A}.Debug|x86.ActiveCfg = Debug|Any CPU
		{12BE2841-F640-43B8-B5F5-FF3E7CA1C95A}.Debug|x86.Build.0 = Debug|Any CPU
		{12BE2841-F640-43B8-B5F5-FF3E7CA1C95A}.Release|Any CPU.ActiveCfg = Release|Any CPU
		{12BE2841-F640-43B8-B5F5-FF3E7CA1C95A}.Release|Any CPU.Build.0 = Release|Any CPU
		{12BE2841-F640-43B8-B5F5-FF3E7CA1C95A}.Release|x64.ActiveCfg = Release|Any CPU
		{12BE2841-F640-43B8-B5F5-FF3E7CA1C95A}.Release|x64.Build.0 = Release|Any CPU
		{12BE2841-F640-43B8-B5F5-FF3E7CA1C95A}.Release|x86.ActiveCfg = Release|Any CPU
		{12BE2841-F640-43B8-B5F5-FF3E7CA1C95A}.Release|x86.Build.0 = Release|Any CPU
		{A15206FD-BB44-4AEE-AA22-2CC3B295539B}.Debug|Any CPU.ActiveCfg = Debug|Any CPU
		{A15206FD-BB44-4AEE-AA22-2CC3B295539B}.Debug|Any CPU.Build.0 = Debug|Any CPU
		{A15206FD-BB44-4AEE-AA22-2CC3B295539B}.Debug|x64.ActiveCfg = Debug|Any CPU
		{A15206FD-BB44-4AEE-AA22-2CC3B295539B}.Debug|x64.Build.0 = Debug|Any CPU
		{A15206FD-BB44-4AEE-AA22-2CC3B295539B}.Debug|x86.ActiveCfg = Debug|Any CPU
		{A15206FD-BB44-4AEE-AA22-2CC3B295539B}.Debug|x86.Build.0 = Debug|Any CPU
		{A15206FD-BB44-4AEE-AA22-2CC3B295539B}.Release|Any CPU.ActiveCfg = Release|Any CPU
		{A15206FD-BB44-4AEE-AA22-2CC3B295539B}.Release|Any CPU.Build.0 = Release|Any CPU
		{A15206FD-BB44-4AEE-AA22-2CC3B295539B}.Release|x64.ActiveCfg = Release|Any CPU
		{A15206FD-BB44-4AEE-AA22-2CC3B295539B}.Release|x64.Build.0 = Release|Any CPU
		{A15206FD-BB44-4AEE-AA22-2CC3B295539B}.Release|x86.ActiveCfg = Release|Any CPU
		{A15206FD-BB44-4AEE-AA22-2CC3B295539B}.Release|x86.Build.0 = Release|Any CPU
		{C95AA819-858E-436A-BC01-C7C1945DCC4D}.Debug|Any CPU.ActiveCfg = Debug|Any CPU
		{C95AA819-858E-436A-BC01-C7C1945DCC4D}.Debug|Any CPU.Build.0 = Debug|Any CPU
		{C95AA819-858E-436A-BC01-C7C1945DCC4D}.Debug|x64.ActiveCfg = Debug|Any CPU
		{C95AA819-858E-436A-BC01-C7C1945DCC4D}.Debug|x64.Build.0 = Debug|Any CPU
		{C95AA819-858E-436A-BC01-C7C1945DCC4D}.Debug|x86.ActiveCfg = Debug|Any CPU
		{C95AA819-858E-436A-BC01-C7C1945DCC4D}.Debug|x86.Build.0 = Debug|Any CPU
		{C95AA819-858E-436A-BC01-C7C1945DCC4D}.Release|Any CPU.ActiveCfg = Release|Any CPU
		{C95AA819-858E-436A-BC01-C7C1945DCC4D}.Release|Any CPU.Build.0 = Release|Any CPU
		{C95AA819-858E-436A-BC01-C7C1945DCC4D}.Release|x64.ActiveCfg = Release|Any CPU
		{C95AA819-858E-436A-BC01-C7C1945DCC4D}.Release|x64.Build.0 = Release|Any CPU
		{C95AA819-858E-436A-BC01-C7C1945DCC4D}.Release|x86.ActiveCfg = Release|Any CPU
		{C95AA819-858E-436A-BC01-C7C1945DCC4D}.Release|x86.Build.0 = Release|Any CPU
	EndGlobalSection
	GlobalSection(SolutionProperties) = preSolution
		HideSolutionNode = FALSE
	EndGlobalSection
	GlobalSection(ExtensibilityGlobals) = postSolution
		SolutionGuid = {000EA67D-DBD2-448C-9B2E-6393348CC090}
	EndGlobalSection
EndGlobal
